// !$*UTF8*$!
{
	archiveVersion = 1;
	classes = {
	};
	objectVersion = 46;
	objects = {

/* Begin PBXBuildFile section */
		85A0E2251A8833D500CBF661 /* AppDelegate.swift in Sources */ = {isa = PBXBuildFile; fileRef = 85A0E2241A8833D500CBF661 /* AppDelegate.swift */; };
		85A0E2271A8833D500CBF661 /* ViewController.swift in Sources */ = {isa = PBXBuildFile; fileRef = 85A0E2261A8833D500CBF661 /* ViewController.swift */; };
		85A0E22A1A8833D500CBF661 /* Main.storyboard in Resources */ = {isa = PBXBuildFile; fileRef = 85A0E2281A8833D500CBF661 /* Main.storyboard */; };
		85A0E22C1A8833D500CBF661 /* Images.xcassets in Resources */ = {isa = PBXBuildFile; fileRef = 85A0E22B1A8833D500CBF661 /* Images.xcassets */; };
		85A0E22F1A8833D500CBF661 /* LaunchScreen.xib in Resources */ = {isa = PBXBuildFile; fileRef = 85A0E22D1A8833D500CBF661 /* LaunchScreen.xib */; };
		85A0E23B1A8833D500CBF661 /* HangmanTests.swift in Sources */ = {isa = PBXBuildFile; fileRef = 85A0E23A1A8833D500CBF661 /* HangmanTests.swift */; };
/* End PBXBuildFile section */

/* Begin PBXContainerItemProxy section */
		85A0E2351A8833D500CBF661 /* PBXContainerItemProxy */ = {
			isa = PBXContainerItemProxy;
			containerPortal = 85A0E2171A8833D500CBF661 /* Project object */;
			proxyType = 1;
			remoteGlobalIDString = 85A0E21E1A8833D500CBF661;
			remoteInfo = Hangman;
		};
/* End PBXContainerItemProxy section */

/* Begin PBXFileReference section */
		85A0E21F1A8833D500CBF661 /* Hangman.app */ = {isa = PBXFileReference; explicitFileType = wrapper.application; includeInIndex = 0; path = Hangman.app; sourceTree = BUILT_PRODUCTS_DIR; };
		85A0E2231A8833D500CBF661 /* Info.plist */ = {isa = PBXFileReference; lastKnownFileType = text.plist.xml; path = Info.plist; sourceTree = "<group>"; };
		85A0E2241A8833D500CBF661 /* AppDelegate.swift */ = {isa = PBXFileReference; lastKnownFileType = sourcecode.swift; path = AppDelegate.swift; sourceTree = "<group>"; };
		85A0E2261A8833D500CBF661 /* ViewController.swift */ = {isa = PBXFileReference; lastKnownFileType = sourcecode.swift; path = ViewController.swift; sourceTree = "<group>"; };
		85A0E2291A8833D500CBF661 /* Base */ = {isa = PBXFileReference; lastKnownFileType = file.storyboard; name = Base; path = Base.lproj/Main.storyboard; sourceTree = "<group>"; };
		85A0E22B1A8833D500CBF661 /* Images.xcassets */ = {isa = PBXFileReference; lastKnownFileType = folder.assetcatalog; path = Images.xcassets; sourceTree = "<group>"; };
		85A0E22E1A8833D500CBF661 /* Base */ = {isa = PBXFileReference; lastKnownFileType = file.xib; name = Base; path = Base.lproj/LaunchScreen.xib; sourceTree = "<group>"; };
		85A0E2341A8833D500CBF661 /* HangmanTests.xctest */ = {isa = PBXFileReference; explicitFileType = wrapper.cfbundle; includeInIndex = 0; path = HangmanTests.xctest; sourceTree = BUILT_PRODUCTS_DIR; };
		85A0E2391A8833D500CBF661 /* Info.plist */ = {isa = PBXFileReference; lastKnownFileType = text.plist.xml; path = Info.plist; sourceTree = "<group>"; };
		85A0E23A1A8833D500CBF661 /* HangmanTests.swift */ = {isa = PBXFileReference; lastKnownFileType = sourcecode.swift; path = HangmanTests.swift; sourceTree = "<group>"; };
/* End PBXFileReference section */

/* Begin PBXFrameworksBuildPhase section */
		85A0E21C1A8833D500CBF661 /* Frameworks */ = {
			isa = PBXFrameworksBuildPhase;
			buildActionMask = 2147483647;
			files = (
			);
			runOnlyForDeploymentPostprocessing = 0;
		};
		85A0E2311A8833D500CBF661 /* Frameworks */ = {
			isa = PBXFrameworksBuildPhase;
			buildActionMask = 2147483647;
			files = (
			);
			runOnlyForDeploymentPostprocessing = 0;
		};
/* End PBXFrameworksBuildPhase section */

/* Begin PBXGroup section */
		85A0E2161A8833D500CBF661 = {
			isa = PBXGroup;
			children = (
				85A0E2211A8833D500CBF661 /* Hangman */,
				85A0E2371A8833D500CBF661 /* HangmanTests */,
				85A0E2201A8833D500CBF661 /* Products */,
			);
			sourceTree = "<group>";
		};
		85A0E2201A8833D500CBF661 /* Products */ = {
			isa = PBXGroup;
			children = (
				85A0E21F1A8833D500CBF661 /* Hangman.app */,
				85A0E2341A8833D500CBF661 /* HangmanTests.xctest */,
			);
			name = Products;
			sourceTree = "<group>";
		};
		85A0E2211A8833D500CBF661 /* Hangman */ = {
			isa = PBXGroup;
			children = (
				85A0E2261A8833D500CBF661 /* ViewController.swift */,
				85A0E2281A8833D500CBF661 /* Main.storyboard */,
				85A0E2221A8833D500CBF661 /* Supporting Files */,
			);
			path = Hangman;
			sourceTree = "<group>";
		};
		85A0E2221A8833D500CBF661 /* Supporting Files */ = {
			isa = PBXGroup;
			children = (
				85A0E2241A8833D500CBF661 /* AppDelegate.swift */,
				85A0E22B1A8833D500CBF661 /* Images.xcassets */,
				85A0E22D1A8833D500CBF661 /* LaunchScreen.xib */,
				85A0E2231A8833D500CBF661 /* Info.plist */,
			);
			name = "Supporting Files";
			sourceTree = "<group>";
		};
		85A0E2371A8833D500CBF661 /* HangmanTests */ = {
			isa = PBXGroup;
			children = (
				85A0E23A1A8833D500CBF661 /* HangmanTests.swift */,
				85A0E2381A8833D500CBF661 /* Supporting Files */,
			);
			path = HangmanTests;
			sourceTree = "<group>";
		};
		85A0E2381A8833D500CBF661 /* Supporting Files */ = {
			isa = PBXGroup;
			children = (
				85A0E2391A8833D500CBF661 /* Info.plist */,
			);
			name = "Supporting Files";
			sourceTree = "<group>";
		};
/* End PBXGroup section */

/* Begin PBXNativeTarget section */
		85A0E21E1A8833D500CBF661 /* Hangman */ = {
			isa = PBXNativeTarget;
			buildConfigurationList = 85A0E23E1A8833D500CBF661 /* Build configuration list for PBXNativeTarget "Hangman" */;
			buildPhases = (
				85A0E21B1A8833D500CBF661 /* Sources */,
				85A0E21C1A8833D500CBF661 /* Frameworks */,
				85A0E21D1A8833D500CBF661 /* Resources */,
			);
			buildRules = (
			);
			dependencies = (
			);
			name = Hangman;
			productName = Hangman;
			productReference = 85A0E21F1A8833D500CBF661 /* Hangman.app */;
			productType = "com.apple.product-type.application";
		};
		85A0E2331A8833D500CBF661 /* HangmanTests */ = {
			isa = PBXNativeTarget;
			buildConfigurationList = 85A0E2411A8833D500CBF661 /* Build configuration list for PBXNativeTarget "HangmanTests" */;
			buildPhases = (
				85A0E2301A8833D500CBF661 /* Sources */,
				85A0E2311A8833D500CBF661 /* Frameworks */,
				85A0E2321A8833D500CBF661 /* Resources */,
			);
			buildRules = (
			);
			dependencies = (
				85A0E2361A8833D500CBF661 /* PBXTargetDependency */,
			);
			name = HangmanTests;
			productName = HangmanTests;
			productReference = 85A0E2341A8833D500CBF661 /* HangmanTests.xctest */;
			productType = "com.apple.product-type.bundle.unit-test";
		};
/* End PBXNativeTarget section */

/* Begin PBXProject section */
		85A0E2171A8833D500CBF661 /* Project object */ = {
			isa = PBXProject;
			attributes = {
				LastUpgradeCheck = 0610;
				ORGANIZATIONNAME = "Rob Wyant";
				TargetAttributes = {
					85A0E21E1A8833D500CBF661 = {
						CreatedOnToolsVersion = 6.1.1;
					};
					85A0E2331A8833D500CBF661 = {
						CreatedOnToolsVersion = 6.1.1;
						TestTargetID = 85A0E21E1A8833D500CBF661;
					};
				};
			};
			buildConfigurationList = 85A0E21A1A8833D500CBF661 /* Build configuration list for PBXProject "Hangman" */;
			compatibilityVersion = "Xcode 3.2";
			developmentRegion = English;
			hasScannedForEncodings = 0;
			knownRegions = (
				en,
				Base,
			);
			mainGroup = 85A0E2161A8833D500CBF661;
			productRefGroup = 85A0E2201A8833D500CBF661 /* Products */;
			projectDirPath = "";
			projectRoot = "";
			targets = (
				85A0E21E1A8833D500CBF661 /* Hangman */,
				85A0E2331A8833D500CBF661 /* HangmanTests */,
			);
		};
/* End PBXProject section */

/* Begin PBXResourcesBuildPhase section */
		85A0E21D1A8833D500CBF661 /* Resources */ = {
			isa = PBXResourcesBuildPhase;
			buildActionMask = 2147483647;
			files = (
				85A0E22A1A8833D500CBF661 /* Main.storyboard in Resources */,
				85A0E22F1A8833D500CBF661 /* LaunchScreen.xib in Resources */,
				85A0E22C1A8833D500CBF661 /* Images.xcassets in Resources */,
			);
			runOnlyForDeploymentPostprocessing = 0;
		};
		85A0E2321A8833D500CBF661 /* Resources */ = {
			isa = PBXResourcesBuildPhase;
			buildActionMask = 2147483647;
			files = (
			);
			runOnlyForDeploymentPostprocessing = 0;
		};
/* End PBXResourcesBuildPhase section */

/* Begin PBXSourcesBuildPhase section */
		85A0E21B1A8833D500CBF661 /* Sources */ = {
			isa = PBXSourcesBuildPhase;
			buildActionMask = 2147483647;
			files = (
				85A0E2271A8833D500CBF661 /* ViewController.swift in Sources */,
				85A0E2251A8833D500CBF661 /* AppDelegate.swift in Sources */,
			);
			runOnlyForDeploymentPostprocessing = 0;
		};
		85A0E2301A8833D500CBF661 /* Sources */ = {
			isa = PBXSourcesBuildPhase;
			buildActionMask = 2147483647;
			files = (
				85A0E23B1A8833D500CBF661 /* HangmanTests.swift in Sources */,
			);
			runOnlyForDeploymentPostprocessing = 0;
		};
/* End PBXSourcesBuildPhase section */

/* Begin PBXTargetDependency section */
		85A0E2361A8833D500CBF661 /* PBXTargetDependency */ = {
			isa = PBXTargetDependency;
			target = 85A0E21E1A8833D500CBF661 /* Hangman */;
			targetProxy = 85A0E2351A8833D500CBF661 /* PBXContainerItemProxy */;
		};
/* End PBXTargetDependency section */

/* Begin PBXVariantGroup section */
		85A0E2281A8833D500CBF661 /* Main.storyboard */ = {
			isa = PBXVariantGroup;
			children = (
				85A0E2291A8833D500CBF661 /* Base */,
			);
			name = Main.storyboard;
			sourceTree = "<group>";
		};
		85A0E22D1A8833D500CBF661 /* LaunchScreen.xib */ = {
			isa = PBXVariantGroup;
			children = (
				85A0E22E1A8833D500CBF661 /* Base */,
			);
			name = LaunchScreen.xib;
			sourceTree = "<group>";
		};
/* End PBXVariantGroup section */

/* Begin XCBuildConfiguration section */
		85A0E23C1A8833D500CBF661 /* Debug */ = {
			isa = XCBuildConfiguration;
			buildSettings = {
				ALWAYS_SEARCH_USER_PATHS = NO;
				CLANG_CXX_LANGUAGE_STANDARD = "gnu++0x";
				CLANG_CXX_LIBRARY = "libc++";
				CLANG_ENABLE_MODULES = YES;
				CLANG_ENABLE_OBJC_ARC = YES;
				CLANG_WARN_BOOL_CONVERSION = YES;
				CLANG_WARN_CONSTANT_CONVERSION = YES;
				CLANG_WARN_DIRECT_OBJC_ISA_USAGE = YES_ERROR;
				CLANG_WARN_EMPTY_BODY = YES;
				CLANG_WARN_ENUM_CONVERSION = YES;
				CLANG_WARN_INT_CONVERSION = YES;
				CLANG_WARN_OBJC_ROOT_CLASS = YES_ERROR;
				CLANG_WARN_UNREACHABLE_CODE = YES;
				CLANG_WARN__DUPLICATE_METHOD_MATCH = YES;
				"CODE_SIGN_IDENTITY[sdk=iphoneos*]" = "iPhone Developer";
				COPY_PHASE_STRIP = NO;
				ENABLE_STRICT_OBJC_MSGSEND = YES;
				GCC_C_LANGUAGE_STANDARD = gnu99;
				GCC_DYNAMIC_NO_PIC = NO;
				GCC_OPTIMIZATION_LEVEL = 0;
				GCC_PREPROCESSOR_DEFINITIONS = (
					"DEBUG=1",
					"$(inherited)",
				);
				GCC_SYMBOLS_PRIVATE_EXTERN = NO;
				GCC_WARN_64_TO_32_BIT_CONVERSION = YES;
				GCC_WARN_ABOUT_RETURN_TYPE = YES_ERROR;
				GCC_WARN_UNDECLARED_SELECTOR = YES;
				GCC_WARN_UNINITIALIZED_AUTOS = YES_AGGRESSIVE;
				GCC_WARN_UNUSED_FUNCTION = YES;
				GCC_WARN_UNUSED_VARIABLE = YES;
				IPHONEOS_DEPLOYMENT_TARGET = 8.1;
				MTL_ENABLE_DEBUG_INFO = YES;
				ONLY_ACTIVE_ARCH = YES;
				SDKROOT = iphoneos;
				SWIFT_OPTIMIZATION_LEVEL = "-Onone";
			};
			name = Debug;
		};
		85A0E23D1A8833D500CBF661 /* Release */ = {
			isa = XCBuildConfiguration;
			buildSettings = {
				ALWAYS_SEARCH_USER_PATHS = NO;
				CLANG_CXX_LANGUAGE_STANDARD = "gnu++0x";
				CLANG_CXX_LIBRARY = "libc++";
				CLANG_ENABLE_MODULES = YES;
				CLANG_ENABLE_OBJC_ARC = YES;
				CLANG_WARN_BOOL_CONVERSION = YES;
				CLANG_WARN_CONSTANT_CONVERSION = YES;
				CLANG_WARN_DIRECT_OBJC_ISA_USAGE = YES_ERROR;
				CLANG_WARN_EMPTY_BODY = YES;
				CLANG_WARN_ENUM_CONVERSION = YES;
				CLANG_WARN_INT_CONVERSION = YES;
				CLANG_WARN_OBJC_ROOT_CLASS = YES_ERROR;
				CLANG_WARN_UNREACHABLE_CODE = YES;
				CLANG_WARN__DUPLICATE_METHOD_MATCH = YES;
				"CODE_SIGN_IDENTITY[sdk=iphoneos*]" = "iPhone Developer";
				COPY_PHASE_STRIP = YES;
				ENABLE_NS_ASSERTIONS = NO;
				ENABLE_STRICT_OBJC_MSGSEND = YES;
				GCC_C_LANGUAGE_STANDARD = gnu99;
				GCC_WARN_64_TO_32_BIT_CONVERSION = YES;
				GCC_WARN_ABOUT_RETURN_TYPE = YES_ERROR;
				GCC_WARN_UNDECLARED_SELECTOR = YES;
				GCC_WARN_UNINITIALIZED_AUTOS = YES_AGGRESSIVE;
				GCC_WARN_UNUSED_FUNCTION = YES;
				GCC_WARN_UNUSED_VARIABLE = YES;
				IPHONEOS_DEPLOYMENT_TARGET = 8.1;
				MTL_ENABLE_DEBUG_INFO = NO;
				SDKROOT = iphoneos;
				VALIDATE_PRODUCT = YES;
			};
			name = Release;
		};
		85A0E23F1A8833D500CBF661 /* Debug */ = {
			isa = XCBuildConfiguration;
			buildSettings = {
				ASSETCATALOG_COMPILER_APPICON_NAME = AppIcon;
				INFOPLIST_FILE = Hangman/Info.plist;
				LD_RUNPATH_SEARCH_PATHS = "$(inherited) @executable_path/Frameworks";
				PRODUCT_NAME = "$(TARGET_NAME)";
			};
			name = Debug;
		};
		85A0E2401A8833D500CBF661 /* Release */ = {
			isa = XCBuildConfiguration;
			buildSettings = {
				ASSETCATALOG_COMPILER_APPICON_NAME = AppIcon;
				INFOPLIST_FILE = Hangman/Info.plist;
				LD_RUNPATH_SEARCH_PATHS = "$(inherited) @executable_path/Frameworks";
				PRODUCT_NAME = "$(TARGET_NAME)";
			};
			name = Release;
		};
		85A0E2421A8833D500CBF661 /* Debug */ = {
			isa = XCBuildConfiguration;
			buildSettings = {
				BUNDLE_LOADER = "$(TEST_HOST)";
				FRAMEWORK_SEARCH_PATHS = (
					"$(SDKROOT)/Developer/Library/Frameworks",
					"$(inherited)",
				);
				GCC_PREPROCESSOR_DEFINITIONS = (
					"DEBUG=1",
					"$(inherited)",
				);
				INFOPLIST_FILE = HangmanTests/Info.plist;
				LD_RUNPATH_SEARCH_PATHS = "$(inherited) @executable_path/Frameworks @loader_path/Frameworks";
				PRODUCT_NAME = "$(TARGET_NAME)";
				TEST_HOST = "$(BUILT_PRODUCTS_DIR)/Hangman.app/Hangman";
			};
			name = Debug;
		};
		85A0E2431A8833D500CBF661 /* Release */ = {
			isa = XCBuildConfiguration;
			buildSettings = {
				BUNDLE_LOADER = "$(TEST_HOST)";
				FRAMEWORK_SEARCH_PATHS = (
					"$(SDKROOT)/Developer/Library/Frameworks",
					"$(inherited)",
				);
				INFOPLIST_FILE = HangmanTests/Info.plist;
				LD_RUNPATH_SEARCH_PATHS = "$(inherited) @executable_path/Frameworks @loader_path/Frameworks";
				PRODUCT_NAME = "$(TARGET_NAME)";
				TEST_HOST = "$(BUILT_PRODUCTS_DIR)/Hangman.app/Hangman";
			};
			name = Release;
		};
/* End XCBuildConfiguration section */

/* Begin XCConfigurationList section */
		85A0E21A1A8833D500CBF661 /* Build configuration list for PBXProject "Hangman" */ = {
			isa = XCConfigurationList;
			buildConfigurations = (
				85A0E23C1A8833D500CBF661 /* Debug */,
				85A0E23D1A8833D500CBF661 /* Release */,
			);
			defaultConfigurationIsVisible = 0;
			defaultConfigurationName = Release;
		};
		85A0E23E1A8833D500CBF661 /* Build configuration list for PBXNativeTarget "Hangman" */ = {
			isa = XCConfigurationList;
			buildConfigurations = (
				85A0E23F1A8833D500CBF661 /* Debug */,
				85A0E2401A8833D500CBF661 /* Release */,
			);
			defaultConfigurationIsVisible = 0;
		};
		85A0E2411A8833D500CBF661 /* Build configuration list for PBXNativeTarget "HangmanTests" */ = {
			isa = XCConfigurationList;
			buildConfigurations = (
				85A0E2421A8833D500CBF661 /* Debug */,
				85A0E2431A8833D500CBF661 /* Release */,
			);
			defaultConfigurationIsVisible = 0;
		};
/* End XCConfigurationList section */
	};
	rootObject = 85A0E2171A8833D500CBF661 /* Project object */;
}
