// !$*UTF8*$!
{
	archiveVersion = 1;
	classes = {
	};
	objectVersion = 46;
	objects = {

/* Begin PBXBuildFile section */
		7CB536D91AB101D000BB33D5 /* AppDelegate.swift in Sources */ = {isa = PBXBuildFile; fileRef = 7CB536D81AB101D000BB33D5 /* AppDelegate.swift */; };
		7CB536DB1AB101D000BB33D5 /* ViewController.swift in Sources */ = {isa = PBXBuildFile; fileRef = 7CB536DA1AB101D000BB33D5 /* ViewController.swift */; };
		7CB536DE1AB101D000BB33D5 /* Main.storyboard in Resources */ = {isa = PBXBuildFile; fileRef = 7CB536DC1AB101D000BB33D5 /* Main.storyboard */; };
		7CB536E01AB101D000BB33D5 /* Images.xcassets in Resources */ = {isa = PBXBuildFile; fileRef = 7CB536DF1AB101D000BB33D5 /* Images.xcassets */; };
		7CB536E31AB101D000BB33D5 /* LaunchScreen.xib in Resources */ = {isa = PBXBuildFile; fileRef = 7CB536E11AB101D000BB33D5 /* LaunchScreen.xib */; };
		7CB536EF1AB101D000BB33D5 /* WhispererTests.swift in Sources */ = {isa = PBXBuildFile; fileRef = 7CB536EE1AB101D000BB33D5 /* WhispererTests.swift */; };
		7CB536FA1AB1039400BB33D5 /* Bolts.framework in Frameworks */ = {isa = PBXBuildFile; fileRef = 7CB536F81AB1039400BB33D5 /* Bolts.framework */; };
		7CB536FB1AB1039400BB33D5 /* Parse.framework in Frameworks */ = {isa = PBXBuildFile; fileRef = 7CB536F91AB1039400BB33D5 /* Parse.framework */; };
		7CB536FD1AB103E400BB33D5 /* AudioToolbox.framework in Frameworks */ = {isa = PBXBuildFile; fileRef = 7CB536FC1AB103E400BB33D5 /* AudioToolbox.framework */; };
		7CB536FF1AB103EE00BB33D5 /* CFNetwork.framework in Frameworks */ = {isa = PBXBuildFile; fileRef = 7CB536FE1AB103EE00BB33D5 /* CFNetwork.framework */; };
		7CB537011AB1041500BB33D5 /* CoreGraphics.framework in Frameworks */ = {isa = PBXBuildFile; fileRef = 7CB537001AB1041500BB33D5 /* CoreGraphics.framework */; };
		7CB537031AB1041D00BB33D5 /* CoreLocation.framework in Frameworks */ = {isa = PBXBuildFile; fileRef = 7CB537021AB1041D00BB33D5 /* CoreLocation.framework */; };
		7CB537051AB1042500BB33D5 /* MobileCoreServices.framework in Frameworks */ = {isa = PBXBuildFile; fileRef = 7CB537041AB1042500BB33D5 /* MobileCoreServices.framework */; };
		7CB537071AB1042E00BB33D5 /* QuartzCore.framework in Frameworks */ = {isa = PBXBuildFile; fileRef = 7CB537061AB1042E00BB33D5 /* QuartzCore.framework */; };
		7CB537091AB1043600BB33D5 /* Security.framework in Frameworks */ = {isa = PBXBuildFile; fileRef = 7CB537081AB1043600BB33D5 /* Security.framework */; };
		7CB5370B1AB1043F00BB33D5 /* StoreKit.framework in Frameworks */ = {isa = PBXBuildFile; fileRef = 7CB5370A1AB1043F00BB33D5 /* StoreKit.framework */; };
		7CB5370D1AB1044B00BB33D5 /* SystemConfiguration.framework in Frameworks */ = {isa = PBXBuildFile; fileRef = 7CB5370C1AB1044B00BB33D5 /* SystemConfiguration.framework */; };
		7CB5370F1AB1046E00BB33D5 /* libz.dylib in Frameworks */ = {isa = PBXBuildFile; fileRef = 7CB5370E1AB1046E00BB33D5 /* libz.dylib */; };
		7CB537111AB1047800BB33D5 /* libsqlite3.dylib in Frameworks */ = {isa = PBXBuildFile; fileRef = 7CB537101AB1047800BB33D5 /* libsqlite3.dylib */; };
		7CB537171AB1180700BB33D5 /* UserViewController.swift in Sources */ = {isa = PBXBuildFile; fileRef = 7CB537161AB1180700BB33D5 /* UserViewController.swift */; };
/* End PBXBuildFile section */

/* Begin PBXContainerItemProxy section */
		7CB536E91AB101D000BB33D5 /* PBXContainerItemProxy */ = {
			isa = PBXContainerItemProxy;
			containerPortal = 7CB536CB1AB101D000BB33D5 /* Project object */;
			proxyType = 1;
			remoteGlobalIDString = 7CB536D21AB101D000BB33D5;
			remoteInfo = Whisperer;
		};
/* End PBXContainerItemProxy section */

/* Begin PBXFileReference section */
		7CB536D31AB101D000BB33D5 /* Whisperer.app */ = {isa = PBXFileReference; explicitFileType = wrapper.application; includeInIndex = 0; path = Whisperer.app; sourceTree = BUILT_PRODUCTS_DIR; };
		7CB536D71AB101D000BB33D5 /* Info.plist */ = {isa = PBXFileReference; lastKnownFileType = text.plist.xml; path = Info.plist; sourceTree = "<group>"; };
		7CB536D81AB101D000BB33D5 /* AppDelegate.swift */ = {isa = PBXFileReference; lastKnownFileType = sourcecode.swift; path = AppDelegate.swift; sourceTree = "<group>"; };
		7CB536DA1AB101D000BB33D5 /* ViewController.swift */ = {isa = PBXFileReference; lastKnownFileType = sourcecode.swift; path = ViewController.swift; sourceTree = "<group>"; };
		7CB536DD1AB101D000BB33D5 /* Base */ = {isa = PBXFileReference; lastKnownFileType = file.storyboard; name = Base; path = Base.lproj/Main.storyboard; sourceTree = "<group>"; };
		7CB536DF1AB101D000BB33D5 /* Images.xcassets */ = {isa = PBXFileReference; lastKnownFileType = folder.assetcatalog; path = Images.xcassets; sourceTree = "<group>"; };
		7CB536E21AB101D000BB33D5 /* Base */ = {isa = PBXFileReference; lastKnownFileType = file.xib; name = Base; path = Base.lproj/LaunchScreen.xib; sourceTree = "<group>"; };
		7CB536E81AB101D000BB33D5 /* WhispererTests.xctest */ = {isa = PBXFileReference; explicitFileType = wrapper.cfbundle; includeInIndex = 0; path = WhispererTests.xctest; sourceTree = BUILT_PRODUCTS_DIR; };
		7CB536ED1AB101D000BB33D5 /* Info.plist */ = {isa = PBXFileReference; lastKnownFileType = text.plist.xml; path = Info.plist; sourceTree = "<group>"; };
		7CB536EE1AB101D000BB33D5 /* WhispererTests.swift */ = {isa = PBXFileReference; lastKnownFileType = sourcecode.swift; path = WhispererTests.swift; sourceTree = "<group>"; };
		7CB536F81AB1039400BB33D5 /* Bolts.framework */ = {isa = PBXFileReference; lastKnownFileType = wrapper.framework; path = Bolts.framework; sourceTree = "<group>"; };
		7CB536F91AB1039400BB33D5 /* Parse.framework */ = {isa = PBXFileReference; lastKnownFileType = wrapper.framework; path = Parse.framework; sourceTree = "<group>"; };
		7CB536FC1AB103E400BB33D5 /* AudioToolbox.framework */ = {isa = PBXFileReference; lastKnownFileType = wrapper.framework; name = AudioToolbox.framework; path = System/Library/Frameworks/AudioToolbox.framework; sourceTree = SDKROOT; };
		7CB536FE1AB103EE00BB33D5 /* CFNetwork.framework */ = {isa = PBXFileReference; lastKnownFileType = wrapper.framework; name = CFNetwork.framework; path = System/Library/Frameworks/CFNetwork.framework; sourceTree = SDKROOT; };
		7CB537001AB1041500BB33D5 /* CoreGraphics.framework */ = {isa = PBXFileReference; lastKnownFileType = wrapper.framework; name = CoreGraphics.framework; path = System/Library/Frameworks/CoreGraphics.framework; sourceTree = SDKROOT; };
		7CB537021AB1041D00BB33D5 /* CoreLocation.framework */ = {isa = PBXFileReference; lastKnownFileType = wrapper.framework; name = CoreLocation.framework; path = System/Library/Frameworks/CoreLocation.framework; sourceTree = SDKROOT; };
		7CB537041AB1042500BB33D5 /* MobileCoreServices.framework */ = {isa = PBXFileReference; lastKnownFileType = wrapper.framework; name = MobileCoreServices.framework; path = System/Library/Frameworks/MobileCoreServices.framework; sourceTree = SDKROOT; };
		7CB537061AB1042E00BB33D5 /* QuartzCore.framework */ = {isa = PBXFileReference; lastKnownFileType = wrapper.framework; name = QuartzCore.framework; path = System/Library/Frameworks/QuartzCore.framework; sourceTree = SDKROOT; };
		7CB537081AB1043600BB33D5 /* Security.framework */ = {isa = PBXFileReference; lastKnownFileType = wrapper.framework; name = Security.framework; path = System/Library/Frameworks/Security.framework; sourceTree = SDKROOT; };
		7CB5370A1AB1043F00BB33D5 /* StoreKit.framework */ = {isa = PBXFileReference; lastKnownFileType = wrapper.framework; name = StoreKit.framework; path = System/Library/Frameworks/StoreKit.framework; sourceTree = SDKROOT; };
		7CB5370C1AB1044B00BB33D5 /* SystemConfiguration.framework */ = {isa = PBXFileReference; lastKnownFileType = wrapper.framework; name = SystemConfiguration.framework; path = System/Library/Frameworks/SystemConfiguration.framework; sourceTree = SDKROOT; };
		7CB5370E1AB1046E00BB33D5 /* libz.dylib */ = {isa = PBXFileReference; lastKnownFileType = "compiled.mach-o.dylib"; name = libz.dylib; path = usr/lib/libz.dylib; sourceTree = SDKROOT; };
		7CB537101AB1047800BB33D5 /* libsqlite3.dylib */ = {isa = PBXFileReference; lastKnownFileType = "compiled.mach-o.dylib"; name = libsqlite3.dylib; path = usr/lib/libsqlite3.dylib; sourceTree = SDKROOT; };
		7CB537131AB1055700BB33D5 /* Whisperer-Bridging-Header.h */ = {isa = PBXFileReference; lastKnownFileType = sourcecode.c.h; path = "Whisperer-Bridging-Header.h"; sourceTree = "<group>"; };
		7CB537161AB1180700BB33D5 /* UserViewController.swift */ = {isa = PBXFileReference; fileEncoding = 4; lastKnownFileType = sourcecode.swift; path = UserViewController.swift; sourceTree = "<group>"; };
/* End PBXFileReference section */

/* Begin PBXFrameworksBuildPhase section */
		7CB536D01AB101D000BB33D5 /* Frameworks */ = {
			isa = PBXFrameworksBuildPhase;
			buildActionMask = 2147483647;
			files = (
				7CB537111AB1047800BB33D5 /* libsqlite3.dylib in Frameworks */,
				7CB5370F1AB1046E00BB33D5 /* libz.dylib in Frameworks */,
				7CB5370D1AB1044B00BB33D5 /* SystemConfiguration.framework in Frameworks */,
				7CB5370B1AB1043F00BB33D5 /* StoreKit.framework in Frameworks */,
				7CB537091AB1043600BB33D5 /* Security.framework in Frameworks */,
				7CB537071AB1042E00BB33D5 /* QuartzCore.framework in Frameworks */,
				7CB537051AB1042500BB33D5 /* MobileCoreServices.framework in Frameworks */,
				7CB537031AB1041D00BB33D5 /* CoreLocation.framework in Frameworks */,
				7CB537011AB1041500BB33D5 /* CoreGraphics.framework in Frameworks */,
				7CB536FF1AB103EE00BB33D5 /* CFNetwork.framework in Frameworks */,
				7CB536FD1AB103E400BB33D5 /* AudioToolbox.framework in Frameworks */,
				7CB536FB1AB1039400BB33D5 /* Parse.framework in Frameworks */,
				7CB536FA1AB1039400BB33D5 /* Bolts.framework in Frameworks */,
			);
			runOnlyForDeploymentPostprocessing = 0;
		};
		7CB536E51AB101D000BB33D5 /* Frameworks */ = {
			isa = PBXFrameworksBuildPhase;
			buildActionMask = 2147483647;
			files = (
			);
			runOnlyForDeploymentPostprocessing = 0;
		};
/* End PBXFrameworksBuildPhase section */

/* Begin PBXGroup section */
		7CB536CA1AB101D000BB33D5 = {
			isa = PBXGroup;
			children = (
				7CB536D51AB101D000BB33D5 /* Whisperer */,
				7CB536EB1AB101D000BB33D5 /* WhispererTests */,
				7CB536D41AB101D000BB33D5 /* Products */,
			);
			sourceTree = "<group>";
		};
		7CB536D41AB101D000BB33D5 /* Products */ = {
			isa = PBXGroup;
			children = (
				7CB536D31AB101D000BB33D5 /* Whisperer.app */,
				7CB536E81AB101D000BB33D5 /* WhispererTests.xctest */,
			);
			name = Products;
			sourceTree = "<group>";
		};
		7CB536D51AB101D000BB33D5 /* Whisperer */ = {
			isa = PBXGroup;
			children = (
				7CB537121AB104E000BB33D5 /* Frameworks */,
				7CB536D81AB101D000BB33D5 /* AppDelegate.swift */,
				7CB536DA1AB101D000BB33D5 /* ViewController.swift */,
				7CB536DC1AB101D000BB33D5 /* Main.storyboard */,
				7CB536DF1AB101D000BB33D5 /* Images.xcassets */,
				7CB536E11AB101D000BB33D5 /* LaunchScreen.xib */,
				7CB536D61AB101D000BB33D5 /* Supporting Files */,
				7CB537131AB1055700BB33D5 /* Whisperer-Bridging-Header.h */,
				7CB537161AB1180700BB33D5 /* UserViewController.swift */,
			);
			path = Whisperer;
			sourceTree = "<group>";
		};
		7CB536D61AB101D000BB33D5 /* Supporting Files */ = {
			isa = PBXGroup;
			children = (
				7CB536D71AB101D000BB33D5 /* Info.plist */,
			);
			name = "Supporting Files";
			sourceTree = "<group>";
		};
		7CB536EB1AB101D000BB33D5 /* WhispererTests */ = {
			isa = PBXGroup;
			children = (
				7CB536EE1AB101D000BB33D5 /* WhispererTests.swift */,
				7CB536EC1AB101D000BB33D5 /* Supporting Files */,
			);
			path = WhispererTests;
			sourceTree = "<group>";
		};
		7CB536EC1AB101D000BB33D5 /* Supporting Files */ = {
			isa = PBXGroup;
			children = (
				7CB536ED1AB101D000BB33D5 /* Info.plist */,
			);
			name = "Supporting Files";
			sourceTree = "<group>";
		};
		7CB537121AB104E000BB33D5 /* Frameworks */ = {
			isa = PBXGroup;
			children = (
				7CB537101AB1047800BB33D5 /* libsqlite3.dylib */,
				7CB5370E1AB1046E00BB33D5 /* libz.dylib */,
				7CB5370C1AB1044B00BB33D5 /* SystemConfiguration.framework */,
				7CB5370A1AB1043F00BB33D5 /* StoreKit.framework */,
				7CB537081AB1043600BB33D5 /* Security.framework */,
				7CB537061AB1042E00BB33D5 /* QuartzCore.framework */,
				7CB537041AB1042500BB33D5 /* MobileCoreServices.framework */,
				7CB537021AB1041D00BB33D5 /* CoreLocation.framework */,
				7CB537001AB1041500BB33D5 /* CoreGraphics.framework */,
				7CB536FE1AB103EE00BB33D5 /* CFNetwork.framework */,
				7CB536FC1AB103E400BB33D5 /* AudioToolbox.framework */,
				7CB536F81AB1039400BB33D5 /* Bolts.framework */,
				7CB536F91AB1039400BB33D5 /* Parse.framework */,
			);
			name = Frameworks;
			sourceTree = "<group>";
		};
/* End PBXGroup section */

/* Begin PBXNativeTarget section */
		7CB536D21AB101D000BB33D5 /* Whisperer */ = {
			isa = PBXNativeTarget;
			buildConfigurationList = 7CB536F21AB101D000BB33D5 /* Build configuration list for PBXNativeTarget "Whisperer" */;
			buildPhases = (
				7CB536CF1AB101D000BB33D5 /* Sources */,
				7CB536D01AB101D000BB33D5 /* Frameworks */,
				7CB536D11AB101D000BB33D5 /* Resources */,
			);
			buildRules = (
			);
			dependencies = (
			);
			name = Whisperer;
			productName = Whisperer;
			productReference = 7CB536D31AB101D000BB33D5 /* Whisperer.app */;
			productType = "com.apple.product-type.application";
		};
		7CB536E71AB101D000BB33D5 /* WhispererTests */ = {
			isa = PBXNativeTarget;
			buildConfigurationList = 7CB536F51AB101D000BB33D5 /* Build configuration list for PBXNativeTarget "WhispererTests" */;
			buildPhases = (
				7CB536E41AB101D000BB33D5 /* Sources */,
				7CB536E51AB101D000BB33D5 /* Frameworks */,
				7CB536E61AB101D000BB33D5 /* Resources */,
			);
			buildRules = (
			);
			dependencies = (
				7CB536EA1AB101D000BB33D5 /* PBXTargetDependency */,
			);
			name = WhispererTests;
			productName = WhispererTests;
			productReference = 7CB536E81AB101D000BB33D5 /* WhispererTests.xctest */;
			productType = "com.apple.product-type.bundle.unit-test";
		};
/* End PBXNativeTarget section */

/* Begin PBXProject section */
		7CB536CB1AB101D000BB33D5 /* Project object */ = {
			isa = PBXProject;
			attributes = {
				LastUpgradeCheck = 0620;
				ORGANIZATIONNAME = "Tedi Konda";
				TargetAttributes = {
					7CB536D21AB101D000BB33D5 = {
						CreatedOnToolsVersion = 6.2;
					};
					7CB536E71AB101D000BB33D5 = {
						CreatedOnToolsVersion = 6.2;
						TestTargetID = 7CB536D21AB101D000BB33D5;
					};
				};
			};
			buildConfigurationList = 7CB536CE1AB101D000BB33D5 /* Build configuration list for PBXProject "Whisperer" */;
			compatibilityVersion = "Xcode 3.2";
			developmentRegion = English;
			hasScannedForEncodings = 0;
			knownRegions = (
				en,
				Base,
			);
			mainGroup = 7CB536CA1AB101D000BB33D5;
			productRefGroup = 7CB536D41AB101D000BB33D5 /* Products */;
			projectDirPath = "";
			projectRoot = "";
			targets = (
				7CB536D21AB101D000BB33D5 /* Whisperer */,
				7CB536E71AB101D000BB33D5 /* WhispererTests */,
			);
		};
/* End PBXProject section */

/* Begin PBXResourcesBuildPhase section */
		7CB536D11AB101D000BB33D5 /* Resources */ = {
			isa = PBXResourcesBuildPhase;
			buildActionMask = 2147483647;
			files = (
				7CB536DE1AB101D000BB33D5 /* Main.storyboard in Resources */,
				7CB536E31AB101D000BB33D5 /* LaunchScreen.xib in Resources */,
				7CB536E01AB101D000BB33D5 /* Images.xcassets in Resources */,
			);
			runOnlyForDeploymentPostprocessing = 0;
		};
		7CB536E61AB101D000BB33D5 /* Resources */ = {
			isa = PBXResourcesBuildPhase;
			buildActionMask = 2147483647;
			files = (
			);
			runOnlyForDeploymentPostprocessing = 0;
		};
/* End PBXResourcesBuildPhase section */

/* Begin PBXSourcesBuildPhase section */
		7CB536CF1AB101D000BB33D5 /* Sources */ = {
			isa = PBXSourcesBuildPhase;
			buildActionMask = 2147483647;
			files = (
				7CB536DB1AB101D000BB33D5 /* ViewController.swift in Sources */,
				7CB537171AB1180700BB33D5 /* UserViewController.swift in Sources */,
				7CB536D91AB101D000BB33D5 /* AppDelegate.swift in Sources */,
			);
			runOnlyForDeploymentPostprocessing = 0;
		};
		7CB536E41AB101D000BB33D5 /* Sources */ = {
			isa = PBXSourcesBuildPhase;
			buildActionMask = 2147483647;
			files = (
				7CB536EF1AB101D000BB33D5 /* WhispererTests.swift in Sources */,
			);
			runOnlyForDeploymentPostprocessing = 0;
		};
/* End PBXSourcesBuildPhase section */

/* Begin PBXTargetDependency section */
		7CB536EA1AB101D000BB33D5 /* PBXTargetDependency */ = {
			isa = PBXTargetDependency;
			target = 7CB536D21AB101D000BB33D5 /* Whisperer */;
			targetProxy = 7CB536E91AB101D000BB33D5 /* PBXContainerItemProxy */;
		};
/* End PBXTargetDependency section */

/* Begin PBXVariantGroup section */
		7CB536DC1AB101D000BB33D5 /* Main.storyboard */ = {
			isa = PBXVariantGroup;
			children = (
				7CB536DD1AB101D000BB33D5 /* Base */,
			);
			name = Main.storyboard;
			sourceTree = "<group>";
		};
		7CB536E11AB101D000BB33D5 /* LaunchScreen.xib */ = {
			isa = PBXVariantGroup;
			children = (
				7CB536E21AB101D000BB33D5 /* Base */,
			);
			name = LaunchScreen.xib;
			sourceTree = "<group>";
		};
/* End PBXVariantGroup section */

/* Begin XCBuildConfiguration section */
		7CB536F01AB101D000BB33D5 /* Debug */ = {
			isa = XCBuildConfiguration;
			buildSettings = {
				ALWAYS_SEARCH_USER_PATHS = NO;
				CLANG_CXX_LANGUAGE_STANDARD = "gnu++0x";
				CLANG_CXX_LIBRARY = "libc++";
				CLANG_ENABLE_MODULES = YES;
				CLANG_ENABLE_OBJC_ARC = YES;
				CLANG_WARN_BOOL_CONVERSION = YES;
				CLANG_WARN_CONSTANT_CONVERSION = YES;
				CLANG_WARN_DIRECT_OBJC_ISA_USAGE = YES_ERROR;
				CLANG_WARN_EMPTY_BODY = YES;
				CLANG_WARN_ENUM_CONVERSION = YES;
				CLANG_WARN_INT_CONVERSION = YES;
				CLANG_WARN_OBJC_ROOT_CLASS = YES_ERROR;
				CLANG_WARN_UNREACHABLE_CODE = YES;
				CLANG_WARN__DUPLICATE_METHOD_MATCH = YES;
				"CODE_SIGN_IDENTITY[sdk=iphoneos*]" = "iPhone Developer";
				COPY_PHASE_STRIP = NO;
				ENABLE_STRICT_OBJC_MSGSEND = YES;
				GCC_C_LANGUAGE_STANDARD = gnu99;
				GCC_DYNAMIC_NO_PIC = NO;
				GCC_OPTIMIZATION_LEVEL = 0;
				GCC_PREPROCESSOR_DEFINITIONS = (
					"DEBUG=1",
					"$(inherited)",
				);
				GCC_SYMBOLS_PRIVATE_EXTERN = NO;
				GCC_WARN_64_TO_32_BIT_CONVERSION = YES;
				GCC_WARN_ABOUT_RETURN_TYPE = YES_ERROR;
				GCC_WARN_UNDECLARED_SELECTOR = YES;
				GCC_WARN_UNINITIALIZED_AUTOS = YES_AGGRESSIVE;
				GCC_WARN_UNUSED_FUNCTION = YES;
				GCC_WARN_UNUSED_VARIABLE = YES;
				IPHONEOS_DEPLOYMENT_TARGET = 8.2;
				MTL_ENABLE_DEBUG_INFO = YES;
				ONLY_ACTIVE_ARCH = YES;
				SDKROOT = iphoneos;
				SWIFT_OPTIMIZATION_LEVEL = "-Onone";
				TARGETED_DEVICE_FAMILY = "1,2";
			};
			name = Debug;
		};
		7CB536F11AB101D000BB33D5 /* Release */ = {
			isa = XCBuildConfiguration;
			buildSettings = {
				ALWAYS_SEARCH_USER_PATHS = NO;
				CLANG_CXX_LANGUAGE_STANDARD = "gnu++0x";
				CLANG_CXX_LIBRARY = "libc++";
				CLANG_ENABLE_MODULES = YES;
				CLANG_ENABLE_OBJC_ARC = YES;
				CLANG_WARN_BOOL_CONVERSION = YES;
				CLANG_WARN_CONSTANT_CONVERSION = YES;
				CLANG_WARN_DIRECT_OBJC_ISA_USAGE = YES_ERROR;
				CLANG_WARN_EMPTY_BODY = YES;
				CLANG_WARN_ENUM_CONVERSION = YES;
				CLANG_WARN_INT_CONVERSION = YES;
				CLANG_WARN_OBJC_ROOT_CLASS = YES_ERROR;
				CLANG_WARN_UNREACHABLE_CODE = YES;
				CLANG_WARN__DUPLICATE_METHOD_MATCH = YES;
				"CODE_SIGN_IDENTITY[sdk=iphoneos*]" = "iPhone Developer";
				COPY_PHASE_STRIP = NO;
				ENABLE_NS_ASSERTIONS = NO;
				ENABLE_STRICT_OBJC_MSGSEND = YES;
				GCC_C_LANGUAGE_STANDARD = gnu99;
				GCC_WARN_64_TO_32_BIT_CONVERSION = YES;
				GCC_WARN_ABOUT_RETURN_TYPE = YES_ERROR;
				GCC_WARN_UNDECLARED_SELECTOR = YES;
				GCC_WARN_UNINITIALIZED_AUTOS = YES_AGGRESSIVE;
				GCC_WARN_UNUSED_FUNCTION = YES;
				GCC_WARN_UNUSED_VARIABLE = YES;
				IPHONEOS_DEPLOYMENT_TARGET = 8.2;
				MTL_ENABLE_DEBUG_INFO = NO;
				SDKROOT = iphoneos;
				TARGETED_DEVICE_FAMILY = "1,2";
				VALIDATE_PRODUCT = YES;
			};
			name = Release;
		};
		7CB536F31AB101D000BB33D5 /* Debug */ = {
			isa = XCBuildConfiguration;
			buildSettings = {
				ASSETCATALOG_COMPILER_APPICON_NAME = AppIcon;
				CLANG_ENABLE_MODULES = YES;
				FRAMEWORK_SEARCH_PATHS = (
					"$(inherited)",
					"$(PROJECT_DIR)/Whisperer",
				);
				INFOPLIST_FILE = Whisperer/Info.plist;
				LD_RUNPATH_SEARCH_PATHS = "$(inherited) @executable_path/Frameworks";
				PRODUCT_NAME = "$(TARGET_NAME)";
				SWIFT_OBJC_BRIDGING_HEADER = "Whisperer/Whisperer-Bridging-Header.h";
				SWIFT_OPTIMIZATION_LEVEL = "-Onone";
			};
			name = Debug;
		};
		7CB536F41AB101D000BB33D5 /* Release */ = {
			isa = XCBuildConfiguration;
			buildSettings = {
				ASSETCATALOG_COMPILER_APPICON_NAME = AppIcon;
				CLANG_ENABLE_MODULES = YES;
				FRAMEWORK_SEARCH_PATHS = (
					"$(inherited)",
					"$(PROJECT_DIR)/Whisperer",
				);
				INFOPLIST_FILE = Whisperer/Info.plist;
				LD_RUNPATH_SEARCH_PATHS = "$(inherited) @executable_path/Frameworks";
				PRODUCT_NAME = "$(TARGET_NAME)";
				SWIFT_OBJC_BRIDGING_HEADER = "Whisperer/Whisperer-Bridging-Header.h";
			};
			name = Release;
		};
		7CB536F61AB101D000BB33D5 /* Debug */ = {
			isa = XCBuildConfiguration;
			buildSettings = {
				BUNDLE_LOADER = "$(TEST_HOST)";
				FRAMEWORK_SEARCH_PATHS = (
					"$(SDKROOT)/Developer/Library/Frameworks",
					"$(inherited)",
				);
				GCC_PREPROCESSOR_DEFINITIONS = (
					"DEBUG=1",
					"$(inherited)",
				);
				INFOPLIST_FILE = WhispererTests/Info.plist;
				LD_RUNPATH_SEARCH_PATHS = "$(inherited) @executable_path/Frameworks @loader_path/Frameworks";
				PRODUCT_NAME = "$(TARGET_NAME)";
				TEST_HOST = "$(BUILT_PRODUCTS_DIR)/Whisperer.app/Whisperer";
			};
			name = Debug;
		};
		7CB536F71AB101D000BB33D5 /* Release */ = {
			isa = XCBuildConfiguration;
			buildSettings = {
				BUNDLE_LOADER = "$(TEST_HOST)";
				FRAMEWORK_SEARCH_PATHS = (
					"$(SDKROOT)/Developer/Library/Frameworks",
					"$(inherited)",
				);
				INFOPLIST_FILE = WhispererTests/Info.plist;
				LD_RUNPATH_SEARCH_PATHS = "$(inherited) @executable_path/Frameworks @loader_path/Frameworks";
				PRODUCT_NAME = "$(TARGET_NAME)";
				TEST_HOST = "$(BUILT_PRODUCTS_DIR)/Whisperer.app/Whisperer";
			};
			name = Release;
		};
/* End XCBuildConfiguration section */

/* Begin XCConfigurationList section */
		7CB536CE1AB101D000BB33D5 /* Build configuration list for PBXProject "Whisperer" */ = {
			isa = XCConfigurationList;
			buildConfigurations = (
				7CB536F01AB101D000BB33D5 /* Debug */,
				7CB536F11AB101D000BB33D5 /* Release */,
			);
			defaultConfigurationIsVisible = 0;
			defaultConfigurationName = Release;
		};
		7CB536F21AB101D000BB33D5 /* Build configuration list for PBXNativeTarget "Whisperer" */ = {
			isa = XCConfigurationList;
			buildConfigurations = (
				7CB536F31AB101D000BB33D5 /* Debug */,
				7CB536F41AB101D000BB33D5 /* Release */,
			);
			defaultConfigurationIsVisible = 0;
		};
		7CB536F51AB101D000BB33D5 /* Build configuration list for PBXNativeTarget "WhispererTests" */ = {
			isa = XCConfigurationList;
			buildConfigurations = (
				7CB536F61AB101D000BB33D5 /* Debug */,
				7CB536F71AB101D000BB33D5 /* Release */,
			);
			defaultConfigurationIsVisible = 0;
		};
/* End XCConfigurationList section */
	};
	rootObject = 7CB536CB1AB101D000BB33D5 /* Project object */;
}
