// !$*UTF8*$!
{
	archiveVersion = 1;
	classes = {
	};
	objectVersion = 46;
	objects = {

/* Begin PBXBuildFile section */
		855A4C9C1A48995E00461CD3 /* AppDelegate.swift in Sources */ = {isa = PBXBuildFile; fileRef = 855A4C9B1A48995E00461CD3 /* AppDelegate.swift */; };
		855A4C9E1A48995E00461CD3 /* ViewController.swift in Sources */ = {isa = PBXBuildFile; fileRef = 855A4C9D1A48995E00461CD3 /* ViewController.swift */; };
		855A4CA11A48995E00461CD3 /* Main.storyboard in Resources */ = {isa = PBXBuildFile; fileRef = 855A4C9F1A48995E00461CD3 /* Main.storyboard */; };
		855A4CA31A48995E00461CD3 /* Images.xcassets in Resources */ = {isa = PBXBuildFile; fileRef = 855A4CA21A48995E00461CD3 /* Images.xcassets */; };
		855A4CA61A48995E00461CD3 /* LaunchScreen.xib in Resources */ = {isa = PBXBuildFile; fileRef = 855A4CA41A48995E00461CD3 /* LaunchScreen.xib */; };
		855A4CB21A48995E00461CD3 /* My_First_AppTests.swift in Sources */ = {isa = PBXBuildFile; fileRef = 855A4CB11A48995E00461CD3 /* My_First_AppTests.swift */; };
		855FBAAB1A4A231C00438A98 /* img_gero-city.jpg in Resources */ = {isa = PBXBuildFile; fileRef = 855FBAAA1A4A231C00438A98 /* img_gero-city.jpg */; };
/* End PBXBuildFile section */

/* Begin PBXContainerItemProxy section */
		855A4CAC1A48995E00461CD3 /* PBXContainerItemProxy */ = {
			isa = PBXContainerItemProxy;
			containerPortal = 855A4C8E1A48995E00461CD3 /* Project object */;
			proxyType = 1;
			remoteGlobalIDString = 855A4C951A48995E00461CD3;
			remoteInfo = "My First App";
		};
/* End PBXContainerItemProxy section */

/* Begin PBXFileReference section */
		855A4C961A48995E00461CD3 /* My First App.app */ = {isa = PBXFileReference; explicitFileType = wrapper.application; includeInIndex = 0; path = "My First App.app"; sourceTree = BUILT_PRODUCTS_DIR; };
		855A4C9A1A48995E00461CD3 /* Info.plist */ = {isa = PBXFileReference; lastKnownFileType = text.plist.xml; path = Info.plist; sourceTree = "<group>"; };
		855A4C9B1A48995E00461CD3 /* AppDelegate.swift */ = {isa = PBXFileReference; lastKnownFileType = sourcecode.swift; path = AppDelegate.swift; sourceTree = "<group>"; };
		855A4C9D1A48995E00461CD3 /* ViewController.swift */ = {isa = PBXFileReference; lastKnownFileType = sourcecode.swift; path = ViewController.swift; sourceTree = "<group>"; };
		855A4CA01A48995E00461CD3 /* Base */ = {isa = PBXFileReference; lastKnownFileType = file.storyboard; name = Base; path = Base.lproj/Main.storyboard; sourceTree = "<group>"; };
		855A4CA21A48995E00461CD3 /* Images.xcassets */ = {isa = PBXFileReference; lastKnownFileType = folder.assetcatalog; path = Images.xcassets; sourceTree = "<group>"; };
		855A4CA51A48995E00461CD3 /* Base */ = {isa = PBXFileReference; lastKnownFileType = file.xib; name = Base; path = Base.lproj/LaunchScreen.xib; sourceTree = "<group>"; };
		855A4CAB1A48995E00461CD3 /* My First AppTests.xctest */ = {isa = PBXFileReference; explicitFileType = wrapper.cfbundle; includeInIndex = 0; path = "My First AppTests.xctest"; sourceTree = BUILT_PRODUCTS_DIR; };
		855A4CB01A48995E00461CD3 /* Info.plist */ = {isa = PBXFileReference; lastKnownFileType = text.plist.xml; path = Info.plist; sourceTree = "<group>"; };
		855A4CB11A48995E00461CD3 /* My_First_AppTests.swift */ = {isa = PBXFileReference; lastKnownFileType = sourcecode.swift; path = My_First_AppTests.swift; sourceTree = "<group>"; };
		855FBAAA1A4A231C00438A98 /* img_gero-city.jpg */ = {isa = PBXFileReference; lastKnownFileType = image.jpeg; path = "img_gero-city.jpg"; sourceTree = "<group>"; };
/* End PBXFileReference section */

/* Begin PBXFrameworksBuildPhase section */
		855A4C931A48995E00461CD3 /* Frameworks */ = {
			isa = PBXFrameworksBuildPhase;
			buildActionMask = 2147483647;
			files = (
			);
			runOnlyForDeploymentPostprocessing = 0;
		};
		855A4CA81A48995E00461CD3 /* Frameworks */ = {
			isa = PBXFrameworksBuildPhase;
			buildActionMask = 2147483647;
			files = (
			);
			runOnlyForDeploymentPostprocessing = 0;
		};
/* End PBXFrameworksBuildPhase section */

/* Begin PBXGroup section */
		855A4C8D1A48995E00461CD3 = {
			isa = PBXGroup;
			children = (
				855A4C981A48995E00461CD3 /* My First App */,
				855A4CAE1A48995E00461CD3 /* My First AppTests */,
				855A4C971A48995E00461CD3 /* Products */,
			);
			sourceTree = "<group>";
		};
		855A4C971A48995E00461CD3 /* Products */ = {
			isa = PBXGroup;
			children = (
				855A4C961A48995E00461CD3 /* My First App.app */,
				855A4CAB1A48995E00461CD3 /* My First AppTests.xctest */,
			);
			name = Products;
			sourceTree = "<group>";
		};
		855A4C981A48995E00461CD3 /* My First App */ = {
			isa = PBXGroup;
			children = (
				855A4C9B1A48995E00461CD3 /* AppDelegate.swift */,
				855FBAA91A4A231C00438A98 /* Images */,
				855A4C9D1A48995E00461CD3 /* ViewController.swift */,
				855A4C9F1A48995E00461CD3 /* Main.storyboard */,
				855A4CA21A48995E00461CD3 /* Images.xcassets */,
				855A4CA41A48995E00461CD3 /* LaunchScreen.xib */,
				855A4C991A48995E00461CD3 /* Supporting Files */,
			);
			path = "My First App";
			sourceTree = "<group>";
		};
		855A4C991A48995E00461CD3 /* Supporting Files */ = {
			isa = PBXGroup;
			children = (
				855A4C9A1A48995E00461CD3 /* Info.plist */,
			);
			name = "Supporting Files";
			sourceTree = "<group>";
		};
		855A4CAE1A48995E00461CD3 /* My First AppTests */ = {
			isa = PBXGroup;
			children = (
				855A4CB11A48995E00461CD3 /* My_First_AppTests.swift */,
				855A4CAF1A48995E00461CD3 /* Supporting Files */,
			);
			path = "My First AppTests";
			sourceTree = "<group>";
		};
		855A4CAF1A48995E00461CD3 /* Supporting Files */ = {
			isa = PBXGroup;
			children = (
				855A4CB01A48995E00461CD3 /* Info.plist */,
			);
			name = "Supporting Files";
			sourceTree = "<group>";
		};
		855FBAA91A4A231C00438A98 /* Images */ = {
			isa = PBXGroup;
			children = (
				855FBAAA1A4A231C00438A98 /* img_gero-city.jpg */,
			);
			path = Images;
			sourceTree = "<group>";
		};
/* End PBXGroup section */

/* Begin PBXNativeTarget section */
		855A4C951A48995E00461CD3 /* My First App */ = {
			isa = PBXNativeTarget;
			buildConfigurationList = 855A4CB51A48995E00461CD3 /* Build configuration list for PBXNativeTarget "My First App" */;
			buildPhases = (
				855A4C921A48995E00461CD3 /* Sources */,
				855A4C931A48995E00461CD3 /* Frameworks */,
				855A4C941A48995E00461CD3 /* Resources */,
			);
			buildRules = (
			);
			dependencies = (
			);
			name = "My First App";
			productName = "My First App";
			productReference = 855A4C961A48995E00461CD3 /* My First App.app */;
			productType = "com.apple.product-type.application";
		};
		855A4CAA1A48995E00461CD3 /* My First AppTests */ = {
			isa = PBXNativeTarget;
			buildConfigurationList = 855A4CB81A48995E00461CD3 /* Build configuration list for PBXNativeTarget "My First AppTests" */;
			buildPhases = (
				855A4CA71A48995E00461CD3 /* Sources */,
				855A4CA81A48995E00461CD3 /* Frameworks */,
				855A4CA91A48995E00461CD3 /* Resources */,
			);
			buildRules = (
			);
			dependencies = (
				855A4CAD1A48995E00461CD3 /* PBXTargetDependency */,
			);
			name = "My First AppTests";
			productName = "My First AppTests";
			productReference = 855A4CAB1A48995E00461CD3 /* My First AppTests.xctest */;
			productType = "com.apple.product-type.bundle.unit-test";
		};
/* End PBXNativeTarget section */

/* Begin PBXProject section */
		855A4C8E1A48995E00461CD3 /* Project object */ = {
			isa = PBXProject;
			attributes = {
				LastUpgradeCheck = 0610;
				ORGANIZATIONNAME = "Rob Wyant";
				TargetAttributes = {
					855A4C951A48995E00461CD3 = {
						CreatedOnToolsVersion = 6.1;
					};
					855A4CAA1A48995E00461CD3 = {
						CreatedOnToolsVersion = 6.1;
						TestTargetID = 855A4C951A48995E00461CD3;
					};
				};
			};
			buildConfigurationList = 855A4C911A48995E00461CD3 /* Build configuration list for PBXProject "My First App" */;
			compatibilityVersion = "Xcode 3.2";
			developmentRegion = English;
			hasScannedForEncodings = 0;
			knownRegions = (
				en,
				Base,
			);
			mainGroup = 855A4C8D1A48995E00461CD3;
			productRefGroup = 855A4C971A48995E00461CD3 /* Products */;
			projectDirPath = "";
			projectRoot = "";
			targets = (
				855A4C951A48995E00461CD3 /* My First App */,
				855A4CAA1A48995E00461CD3 /* My First AppTests */,
			);
		};
/* End PBXProject section */

/* Begin PBXResourcesBuildPhase section */
		855A4C941A48995E00461CD3 /* Resources */ = {
			isa = PBXResourcesBuildPhase;
			buildActionMask = 2147483647;
			files = (
				855A4CA11A48995E00461CD3 /* Main.storyboard in Resources */,
				855A4CA61A48995E00461CD3 /* LaunchScreen.xib in Resources */,
				855A4CA31A48995E00461CD3 /* Images.xcassets in Resources */,
				855FBAAB1A4A231C00438A98 /* img_gero-city.jpg in Resources */,
			);
			runOnlyForDeploymentPostprocessing = 0;
		};
		855A4CA91A48995E00461CD3 /* Resources */ = {
			isa = PBXResourcesBuildPhase;
			buildActionMask = 2147483647;
			files = (
			);
			runOnlyForDeploymentPostprocessing = 0;
		};
/* End PBXResourcesBuildPhase section */

/* Begin PBXSourcesBuildPhase section */
		855A4C921A48995E00461CD3 /* Sources */ = {
			isa = PBXSourcesBuildPhase;
			buildActionMask = 2147483647;
			files = (
				855A4C9E1A48995E00461CD3 /* ViewController.swift in Sources */,
				855A4C9C1A48995E00461CD3 /* AppDelegate.swift in Sources */,
			);
			runOnlyForDeploymentPostprocessing = 0;
		};
		855A4CA71A48995E00461CD3 /* Sources */ = {
			isa = PBXSourcesBuildPhase;
			buildActionMask = 2147483647;
			files = (
				855A4CB21A48995E00461CD3 /* My_First_AppTests.swift in Sources */,
			);
			runOnlyForDeploymentPostprocessing = 0;
		};
/* End PBXSourcesBuildPhase section */

/* Begin PBXTargetDependency section */
		855A4CAD1A48995E00461CD3 /* PBXTargetDependency */ = {
			isa = PBXTargetDependency;
			target = 855A4C951A48995E00461CD3 /* My First App */;
			targetProxy = 855A4CAC1A48995E00461CD3 /* PBXContainerItemProxy */;
		};
/* End PBXTargetDependency section */

/* Begin PBXVariantGroup section */
		855A4C9F1A48995E00461CD3 /* Main.storyboard */ = {
			isa = PBXVariantGroup;
			children = (
				855A4CA01A48995E00461CD3 /* Base */,
			);
			name = Main.storyboard;
			sourceTree = "<group>";
		};
		855A4CA41A48995E00461CD3 /* LaunchScreen.xib */ = {
			isa = PBXVariantGroup;
			children = (
				855A4CA51A48995E00461CD3 /* Base */,
			);
			name = LaunchScreen.xib;
			sourceTree = "<group>";
		};
/* End PBXVariantGroup section */

/* Begin XCBuildConfiguration section */
		855A4CB31A48995E00461CD3 /* Debug */ = {
			isa = XCBuildConfiguration;
			buildSettings = {
				ALWAYS_SEARCH_USER_PATHS = NO;
				CLANG_CXX_LANGUAGE_STANDARD = "gnu++0x";
				CLANG_CXX_LIBRARY = "libc++";
				CLANG_ENABLE_MODULES = YES;
				CLANG_ENABLE_OBJC_ARC = YES;
				CLANG_WARN_BOOL_CONVERSION = YES;
				CLANG_WARN_CONSTANT_CONVERSION = YES;
				CLANG_WARN_DIRECT_OBJC_ISA_USAGE = YES_ERROR;
				CLANG_WARN_EMPTY_BODY = YES;
				CLANG_WARN_ENUM_CONVERSION = YES;
				CLANG_WARN_INT_CONVERSION = YES;
				CLANG_WARN_OBJC_ROOT_CLASS = YES_ERROR;
				CLANG_WARN_UNREACHABLE_CODE = YES;
				CLANG_WARN__DUPLICATE_METHOD_MATCH = YES;
				"CODE_SIGN_IDENTITY[sdk=iphoneos*]" = "iPhone Developer";
				COPY_PHASE_STRIP = NO;
				ENABLE_STRICT_OBJC_MSGSEND = YES;
				GCC_C_LANGUAGE_STANDARD = gnu99;
				GCC_DYNAMIC_NO_PIC = NO;
				GCC_OPTIMIZATION_LEVEL = 0;
				GCC_PREPROCESSOR_DEFINITIONS = (
					"DEBUG=1",
					"$(inherited)",
				);
				GCC_SYMBOLS_PRIVATE_EXTERN = NO;
				GCC_WARN_64_TO_32_BIT_CONVERSION = YES;
				GCC_WARN_ABOUT_RETURN_TYPE = YES_ERROR;
				GCC_WARN_UNDECLARED_SELECTOR = YES;
				GCC_WARN_UNINITIALIZED_AUTOS = YES_AGGRESSIVE;
				GCC_WARN_UNUSED_FUNCTION = YES;
				GCC_WARN_UNUSED_VARIABLE = YES;
				IPHONEOS_DEPLOYMENT_TARGET = 8.1;
				MTL_ENABLE_DEBUG_INFO = YES;
				ONLY_ACTIVE_ARCH = YES;
				SDKROOT = iphoneos;
				SWIFT_OPTIMIZATION_LEVEL = "-Onone";
				TARGETED_DEVICE_FAMILY = "1,2";
			};
			name = Debug;
		};
		855A4CB41A48995E00461CD3 /* Release */ = {
			isa = XCBuildConfiguration;
			buildSettings = {
				ALWAYS_SEARCH_USER_PATHS = NO;
				CLANG_CXX_LANGUAGE_STANDARD = "gnu++0x";
				CLANG_CXX_LIBRARY = "libc++";
				CLANG_ENABLE_MODULES = YES;
				CLANG_ENABLE_OBJC_ARC = YES;
				CLANG_WARN_BOOL_CONVERSION = YES;
				CLANG_WARN_CONSTANT_CONVERSION = YES;
				CLANG_WARN_DIRECT_OBJC_ISA_USAGE = YES_ERROR;
				CLANG_WARN_EMPTY_BODY = YES;
				CLANG_WARN_ENUM_CONVERSION = YES;
				CLANG_WARN_INT_CONVERSION = YES;
				CLANG_WARN_OBJC_ROOT_CLASS = YES_ERROR;
				CLANG_WARN_UNREACHABLE_CODE = YES;
				CLANG_WARN__DUPLICATE_METHOD_MATCH = YES;
				"CODE_SIGN_IDENTITY[sdk=iphoneos*]" = "iPhone Developer";
				COPY_PHASE_STRIP = YES;
				ENABLE_NS_ASSERTIONS = NO;
				ENABLE_STRICT_OBJC_MSGSEND = YES;
				GCC_C_LANGUAGE_STANDARD = gnu99;
				GCC_WARN_64_TO_32_BIT_CONVERSION = YES;
				GCC_WARN_ABOUT_RETURN_TYPE = YES_ERROR;
				GCC_WARN_UNDECLARED_SELECTOR = YES;
				GCC_WARN_UNINITIALIZED_AUTOS = YES_AGGRESSIVE;
				GCC_WARN_UNUSED_FUNCTION = YES;
				GCC_WARN_UNUSED_VARIABLE = YES;
				IPHONEOS_DEPLOYMENT_TARGET = 8.1;
				MTL_ENABLE_DEBUG_INFO = NO;
				SDKROOT = iphoneos;
				TARGETED_DEVICE_FAMILY = "1,2";
				VALIDATE_PRODUCT = YES;
			};
			name = Release;
		};
		855A4CB61A48995E00461CD3 /* Debug */ = {
			isa = XCBuildConfiguration;
			buildSettings = {
				ASSETCATALOG_COMPILER_APPICON_NAME = AppIcon;
				INFOPLIST_FILE = "My First App/Info.plist";
				LD_RUNPATH_SEARCH_PATHS = "$(inherited) @executable_path/Frameworks";
				PRODUCT_NAME = "$(TARGET_NAME)";
			};
			name = Debug;
		};
		855A4CB71A48995E00461CD3 /* Release */ = {
			isa = XCBuildConfiguration;
			buildSettings = {
				ASSETCATALOG_COMPILER_APPICON_NAME = AppIcon;
				INFOPLIST_FILE = "My First App/Info.plist";
				LD_RUNPATH_SEARCH_PATHS = "$(inherited) @executable_path/Frameworks";
				PRODUCT_NAME = "$(TARGET_NAME)";
			};
			name = Release;
		};
		855A4CB91A48995E00461CD3 /* Debug */ = {
			isa = XCBuildConfiguration;
			buildSettings = {
				BUNDLE_LOADER = "$(TEST_HOST)";
				FRAMEWORK_SEARCH_PATHS = (
					"$(SDKROOT)/Developer/Library/Frameworks",
					"$(inherited)",
				);
				GCC_PREPROCESSOR_DEFINITIONS = (
					"DEBUG=1",
					"$(inherited)",
				);
				INFOPLIST_FILE = "My First AppTests/Info.plist";
				LD_RUNPATH_SEARCH_PATHS = "$(inherited) @executable_path/Frameworks @loader_path/Frameworks";
				PRODUCT_NAME = "$(TARGET_NAME)";
				TEST_HOST = "$(BUILT_PRODUCTS_DIR)/My First App.app/My First App";
			};
			name = Debug;
		};
		855A4CBA1A48995E00461CD3 /* Release */ = {
			isa = XCBuildConfiguration;
			buildSettings = {
				BUNDLE_LOADER = "$(TEST_HOST)";
				FRAMEWORK_SEARCH_PATHS = (
					"$(SDKROOT)/Developer/Library/Frameworks",
					"$(inherited)",
				);
				INFOPLIST_FILE = "My First AppTests/Info.plist";
				LD_RUNPATH_SEARCH_PATHS = "$(inherited) @executable_path/Frameworks @loader_path/Frameworks";
				PRODUCT_NAME = "$(TARGET_NAME)";
				TEST_HOST = "$(BUILT_PRODUCTS_DIR)/My First App.app/My First App";
			};
			name = Release;
		};
/* End XCBuildConfiguration section */

/* Begin XCConfigurationList section */
		855A4C911A48995E00461CD3 /* Build configuration list for PBXProject "My First App" */ = {
			isa = XCConfigurationList;
			buildConfigurations = (
				855A4CB31A48995E00461CD3 /* Debug */,
				855A4CB41A48995E00461CD3 /* Release */,
			);
			defaultConfigurationIsVisible = 0;
			defaultConfigurationName = Release;
		};
		855A4CB51A48995E00461CD3 /* Build configuration list for PBXNativeTarget "My First App" */ = {
			isa = XCConfigurationList;
			buildConfigurations = (
				855A4CB61A48995E00461CD3 /* Debug */,
				855A4CB71A48995E00461CD3 /* Release */,
			);
			defaultConfigurationIsVisible = 0;
			defaultConfigurationName = Release;
		};
		855A4CB81A48995E00461CD3 /* Build configuration list for PBXNativeTarget "My First AppTests" */ = {
			isa = XCConfigurationList;
			buildConfigurations = (
				855A4CB91A48995E00461CD3 /* Debug */,
				855A4CBA1A48995E00461CD3 /* Release */,
			);
			defaultConfigurationIsVisible = 0;
			defaultConfigurationName = Release;
		};
/* End XCConfigurationList section */
	};
	rootObject = 855A4C8E1A48995E00461CD3 /* Project object */;
}
