// !$*UTF8*$!
{
	archiveVersion = 1;
	classes = {
	};
	objectVersion = 46;
	objects = {

/* Begin PBXBuildFile section */
		85132BAF1A4EEC0A00DED1D2 /* AppDelegate.swift in Sources */ = {isa = PBXBuildFile; fileRef = 85132BAE1A4EEC0A00DED1D2 /* AppDelegate.swift */; };
		85132BB11A4EEC0A00DED1D2 /* ViewController.swift in Sources */ = {isa = PBXBuildFile; fileRef = 85132BB01A4EEC0A00DED1D2 /* ViewController.swift */; };
		85132BB41A4EEC0A00DED1D2 /* Main.storyboard in Resources */ = {isa = PBXBuildFile; fileRef = 85132BB21A4EEC0A00DED1D2 /* Main.storyboard */; };
		85132BB61A4EEC0A00DED1D2 /* Images.xcassets in Resources */ = {isa = PBXBuildFile; fileRef = 85132BB51A4EEC0A00DED1D2 /* Images.xcassets */; };
		85132BB91A4EEC0A00DED1D2 /* LaunchScreen.xib in Resources */ = {isa = PBXBuildFile; fileRef = 85132BB71A4EEC0A00DED1D2 /* LaunchScreen.xib */; };
		85132BC51A4EEC0A00DED1D2 /* Storyboards_demoTests.swift in Sources */ = {isa = PBXBuildFile; fileRef = 85132BC41A4EEC0A00DED1D2 /* Storyboards_demoTests.swift */; };
/* End PBXBuildFile section */

/* Begin PBXContainerItemProxy section */
		85132BBF1A4EEC0A00DED1D2 /* PBXContainerItemProxy */ = {
			isa = PBXContainerItemProxy;
			containerPortal = 85132BA11A4EEC0900DED1D2 /* Project object */;
			proxyType = 1;
			remoteGlobalIDString = 85132BA81A4EEC0A00DED1D2;
			remoteInfo = "Storyboards demo";
		};
/* End PBXContainerItemProxy section */

/* Begin PBXFileReference section */
		85132BA91A4EEC0A00DED1D2 /* Storyboards demo.app */ = {isa = PBXFileReference; explicitFileType = wrapper.application; includeInIndex = 0; path = "Storyboards demo.app"; sourceTree = BUILT_PRODUCTS_DIR; };
		85132BAD1A4EEC0A00DED1D2 /* Info.plist */ = {isa = PBXFileReference; lastKnownFileType = text.plist.xml; path = Info.plist; sourceTree = "<group>"; };
		85132BAE1A4EEC0A00DED1D2 /* AppDelegate.swift */ = {isa = PBXFileReference; lastKnownFileType = sourcecode.swift; path = AppDelegate.swift; sourceTree = "<group>"; };
		85132BB01A4EEC0A00DED1D2 /* ViewController.swift */ = {isa = PBXFileReference; lastKnownFileType = sourcecode.swift; path = ViewController.swift; sourceTree = "<group>"; };
		85132BB31A4EEC0A00DED1D2 /* Base */ = {isa = PBXFileReference; lastKnownFileType = file.storyboard; name = Base; path = Base.lproj/Main.storyboard; sourceTree = "<group>"; };
		85132BB51A4EEC0A00DED1D2 /* Images.xcassets */ = {isa = PBXFileReference; lastKnownFileType = folder.assetcatalog; path = Images.xcassets; sourceTree = "<group>"; };
		85132BB81A4EEC0A00DED1D2 /* Base */ = {isa = PBXFileReference; lastKnownFileType = file.xib; name = Base; path = Base.lproj/LaunchScreen.xib; sourceTree = "<group>"; };
		85132BBE1A4EEC0A00DED1D2 /* Storyboards demoTests.xctest */ = {isa = PBXFileReference; explicitFileType = wrapper.cfbundle; includeInIndex = 0; path = "Storyboards demoTests.xctest"; sourceTree = BUILT_PRODUCTS_DIR; };
		85132BC31A4EEC0A00DED1D2 /* Info.plist */ = {isa = PBXFileReference; lastKnownFileType = text.plist.xml; path = Info.plist; sourceTree = "<group>"; };
		85132BC41A4EEC0A00DED1D2 /* Storyboards_demoTests.swift */ = {isa = PBXFileReference; lastKnownFileType = sourcecode.swift; path = Storyboards_demoTests.swift; sourceTree = "<group>"; };
/* End PBXFileReference section */

/* Begin PBXFrameworksBuildPhase section */
		85132BA61A4EEC0A00DED1D2 /* Frameworks */ = {
			isa = PBXFrameworksBuildPhase;
			buildActionMask = 2147483647;
			files = (
			);
			runOnlyForDeploymentPostprocessing = 0;
		};
		85132BBB1A4EEC0A00DED1D2 /* Frameworks */ = {
			isa = PBXFrameworksBuildPhase;
			buildActionMask = 2147483647;
			files = (
			);
			runOnlyForDeploymentPostprocessing = 0;
		};
/* End PBXFrameworksBuildPhase section */

/* Begin PBXGroup section */
		85132BA01A4EEC0900DED1D2 = {
			isa = PBXGroup;
			children = (
				85132BAB1A4EEC0A00DED1D2 /* Storyboards demo */,
				85132BC11A4EEC0A00DED1D2 /* Storyboards demoTests */,
				85132BAA1A4EEC0A00DED1D2 /* Products */,
			);
			sourceTree = "<group>";
		};
		85132BAA1A4EEC0A00DED1D2 /* Products */ = {
			isa = PBXGroup;
			children = (
				85132BA91A4EEC0A00DED1D2 /* Storyboards demo.app */,
				85132BBE1A4EEC0A00DED1D2 /* Storyboards demoTests.xctest */,
			);
			name = Products;
			sourceTree = "<group>";
		};
		85132BAB1A4EEC0A00DED1D2 /* Storyboards demo */ = {
			isa = PBXGroup;
			children = (
				85132BAE1A4EEC0A00DED1D2 /* AppDelegate.swift */,
				85132BB01A4EEC0A00DED1D2 /* ViewController.swift */,
				85132BB21A4EEC0A00DED1D2 /* Main.storyboard */,
				85132BB51A4EEC0A00DED1D2 /* Images.xcassets */,
				85132BB71A4EEC0A00DED1D2 /* LaunchScreen.xib */,
				85132BAC1A4EEC0A00DED1D2 /* Supporting Files */,
			);
			path = "Storyboards demo";
			sourceTree = "<group>";
		};
		85132BAC1A4EEC0A00DED1D2 /* Supporting Files */ = {
			isa = PBXGroup;
			children = (
				85132BAD1A4EEC0A00DED1D2 /* Info.plist */,
			);
			name = "Supporting Files";
			sourceTree = "<group>";
		};
		85132BC11A4EEC0A00DED1D2 /* Storyboards demoTests */ = {
			isa = PBXGroup;
			children = (
				85132BC41A4EEC0A00DED1D2 /* Storyboards_demoTests.swift */,
				85132BC21A4EEC0A00DED1D2 /* Supporting Files */,
			);
			path = "Storyboards demoTests";
			sourceTree = "<group>";
		};
		85132BC21A4EEC0A00DED1D2 /* Supporting Files */ = {
			isa = PBXGroup;
			children = (
				85132BC31A4EEC0A00DED1D2 /* Info.plist */,
			);
			name = "Supporting Files";
			sourceTree = "<group>";
		};
/* End PBXGroup section */

/* Begin PBXNativeTarget section */
		85132BA81A4EEC0A00DED1D2 /* Storyboards demo */ = {
			isa = PBXNativeTarget;
			buildConfigurationList = 85132BC81A4EEC0A00DED1D2 /* Build configuration list for PBXNativeTarget "Storyboards demo" */;
			buildPhases = (
				85132BA51A4EEC0A00DED1D2 /* Sources */,
				85132BA61A4EEC0A00DED1D2 /* Frameworks */,
				85132BA71A4EEC0A00DED1D2 /* Resources */,
			);
			buildRules = (
			);
			dependencies = (
			);
			name = "Storyboards demo";
			productName = "Storyboards demo";
			productReference = 85132BA91A4EEC0A00DED1D2 /* Storyboards demo.app */;
			productType = "com.apple.product-type.application";
		};
		85132BBD1A4EEC0A00DED1D2 /* Storyboards demoTests */ = {
			isa = PBXNativeTarget;
			buildConfigurationList = 85132BCB1A4EEC0A00DED1D2 /* Build configuration list for PBXNativeTarget "Storyboards demoTests" */;
			buildPhases = (
				85132BBA1A4EEC0A00DED1D2 /* Sources */,
				85132BBB1A4EEC0A00DED1D2 /* Frameworks */,
				85132BBC1A4EEC0A00DED1D2 /* Resources */,
			);
			buildRules = (
			);
			dependencies = (
				85132BC01A4EEC0A00DED1D2 /* PBXTargetDependency */,
			);
			name = "Storyboards demoTests";
			productName = "Storyboards demoTests";
			productReference = 85132BBE1A4EEC0A00DED1D2 /* Storyboards demoTests.xctest */;
			productType = "com.apple.product-type.bundle.unit-test";
		};
/* End PBXNativeTarget section */

/* Begin PBXProject section */
		85132BA11A4EEC0900DED1D2 /* Project object */ = {
			isa = PBXProject;
			attributes = {
				LastUpgradeCheck = 0610;
				ORGANIZATIONNAME = "Rob Wyant";
				TargetAttributes = {
					85132BA81A4EEC0A00DED1D2 = {
						CreatedOnToolsVersion = 6.1.1;
					};
					85132BBD1A4EEC0A00DED1D2 = {
						CreatedOnToolsVersion = 6.1.1;
						TestTargetID = 85132BA81A4EEC0A00DED1D2;
					};
				};
			};
			buildConfigurationList = 85132BA41A4EEC0900DED1D2 /* Build configuration list for PBXProject "Storyboards demo" */;
			compatibilityVersion = "Xcode 3.2";
			developmentRegion = English;
			hasScannedForEncodings = 0;
			knownRegions = (
				en,
				Base,
			);
			mainGroup = 85132BA01A4EEC0900DED1D2;
			productRefGroup = 85132BAA1A4EEC0A00DED1D2 /* Products */;
			projectDirPath = "";
			projectRoot = "";
			targets = (
				85132BA81A4EEC0A00DED1D2 /* Storyboards demo */,
				85132BBD1A4EEC0A00DED1D2 /* Storyboards demoTests */,
			);
		};
/* End PBXProject section */

/* Begin PBXResourcesBuildPhase section */
		85132BA71A4EEC0A00DED1D2 /* Resources */ = {
			isa = PBXResourcesBuildPhase;
			buildActionMask = 2147483647;
			files = (
				85132BB41A4EEC0A00DED1D2 /* Main.storyboard in Resources */,
				85132BB91A4EEC0A00DED1D2 /* LaunchScreen.xib in Resources */,
				85132BB61A4EEC0A00DED1D2 /* Images.xcassets in Resources */,
			);
			runOnlyForDeploymentPostprocessing = 0;
		};
		85132BBC1A4EEC0A00DED1D2 /* Resources */ = {
			isa = PBXResourcesBuildPhase;
			buildActionMask = 2147483647;
			files = (
			);
			runOnlyForDeploymentPostprocessing = 0;
		};
/* End PBXResourcesBuildPhase section */

/* Begin PBXSourcesBuildPhase section */
		85132BA51A4EEC0A00DED1D2 /* Sources */ = {
			isa = PBXSourcesBuildPhase;
			buildActionMask = 2147483647;
			files = (
				85132BB11A4EEC0A00DED1D2 /* ViewController.swift in Sources */,
				85132BAF1A4EEC0A00DED1D2 /* AppDelegate.swift in Sources */,
			);
			runOnlyForDeploymentPostprocessing = 0;
		};
		85132BBA1A4EEC0A00DED1D2 /* Sources */ = {
			isa = PBXSourcesBuildPhase;
			buildActionMask = 2147483647;
			files = (
				85132BC51A4EEC0A00DED1D2 /* Storyboards_demoTests.swift in Sources */,
			);
			runOnlyForDeploymentPostprocessing = 0;
		};
/* End PBXSourcesBuildPhase section */

/* Begin PBXTargetDependency section */
		85132BC01A4EEC0A00DED1D2 /* PBXTargetDependency */ = {
			isa = PBXTargetDependency;
			target = 85132BA81A4EEC0A00DED1D2 /* Storyboards demo */;
			targetProxy = 85132BBF1A4EEC0A00DED1D2 /* PBXContainerItemProxy */;
		};
/* End PBXTargetDependency section */

/* Begin PBXVariantGroup section */
		85132BB21A4EEC0A00DED1D2 /* Main.storyboard */ = {
			isa = PBXVariantGroup;
			children = (
				85132BB31A4EEC0A00DED1D2 /* Base */,
			);
			name = Main.storyboard;
			sourceTree = "<group>";
		};
		85132BB71A4EEC0A00DED1D2 /* LaunchScreen.xib */ = {
			isa = PBXVariantGroup;
			children = (
				85132BB81A4EEC0A00DED1D2 /* Base */,
			);
			name = LaunchScreen.xib;
			sourceTree = "<group>";
		};
/* End PBXVariantGroup section */

/* Begin XCBuildConfiguration section */
		85132BC61A4EEC0A00DED1D2 /* Debug */ = {
			isa = XCBuildConfiguration;
			buildSettings = {
				ALWAYS_SEARCH_USER_PATHS = NO;
				CLANG_CXX_LANGUAGE_STANDARD = "gnu++0x";
				CLANG_CXX_LIBRARY = "libc++";
				CLANG_ENABLE_MODULES = YES;
				CLANG_ENABLE_OBJC_ARC = YES;
				CLANG_WARN_BOOL_CONVERSION = YES;
				CLANG_WARN_CONSTANT_CONVERSION = YES;
				CLANG_WARN_DIRECT_OBJC_ISA_USAGE = YES_ERROR;
				CLANG_WARN_EMPTY_BODY = YES;
				CLANG_WARN_ENUM_CONVERSION = YES;
				CLANG_WARN_INT_CONVERSION = YES;
				CLANG_WARN_OBJC_ROOT_CLASS = YES_ERROR;
				CLANG_WARN_UNREACHABLE_CODE = YES;
				CLANG_WARN__DUPLICATE_METHOD_MATCH = YES;
				"CODE_SIGN_IDENTITY[sdk=iphoneos*]" = "iPhone Developer";
				COPY_PHASE_STRIP = NO;
				ENABLE_STRICT_OBJC_MSGSEND = YES;
				GCC_C_LANGUAGE_STANDARD = gnu99;
				GCC_DYNAMIC_NO_PIC = NO;
				GCC_OPTIMIZATION_LEVEL = 0;
				GCC_PREPROCESSOR_DEFINITIONS = (
					"DEBUG=1",
					"$(inherited)",
				);
				GCC_SYMBOLS_PRIVATE_EXTERN = NO;
				GCC_WARN_64_TO_32_BIT_CONVERSION = YES;
				GCC_WARN_ABOUT_RETURN_TYPE = YES_ERROR;
				GCC_WARN_UNDECLARED_SELECTOR = YES;
				GCC_WARN_UNINITIALIZED_AUTOS = YES_AGGRESSIVE;
				GCC_WARN_UNUSED_FUNCTION = YES;
				GCC_WARN_UNUSED_VARIABLE = YES;
				IPHONEOS_DEPLOYMENT_TARGET = 8.1;
				MTL_ENABLE_DEBUG_INFO = YES;
				ONLY_ACTIVE_ARCH = YES;
				SDKROOT = iphoneos;
				SWIFT_OPTIMIZATION_LEVEL = "-Onone";
			};
			name = Debug;
		};
		85132BC71A4EEC0A00DED1D2 /* Release */ = {
			isa = XCBuildConfiguration;
			buildSettings = {
				ALWAYS_SEARCH_USER_PATHS = NO;
				CLANG_CXX_LANGUAGE_STANDARD = "gnu++0x";
				CLANG_CXX_LIBRARY = "libc++";
				CLANG_ENABLE_MODULES = YES;
				CLANG_ENABLE_OBJC_ARC = YES;
				CLANG_WARN_BOOL_CONVERSION = YES;
				CLANG_WARN_CONSTANT_CONVERSION = YES;
				CLANG_WARN_DIRECT_OBJC_ISA_USAGE = YES_ERROR;
				CLANG_WARN_EMPTY_BODY = YES;
				CLANG_WARN_ENUM_CONVERSION = YES;
				CLANG_WARN_INT_CONVERSION = YES;
				CLANG_WARN_OBJC_ROOT_CLASS = YES_ERROR;
				CLANG_WARN_UNREACHABLE_CODE = YES;
				CLANG_WARN__DUPLICATE_METHOD_MATCH = YES;
				"CODE_SIGN_IDENTITY[sdk=iphoneos*]" = "iPhone Developer";
				COPY_PHASE_STRIP = YES;
				ENABLE_NS_ASSERTIONS = NO;
				ENABLE_STRICT_OBJC_MSGSEND = YES;
				GCC_C_LANGUAGE_STANDARD = gnu99;
				GCC_WARN_64_TO_32_BIT_CONVERSION = YES;
				GCC_WARN_ABOUT_RETURN_TYPE = YES_ERROR;
				GCC_WARN_UNDECLARED_SELECTOR = YES;
				GCC_WARN_UNINITIALIZED_AUTOS = YES_AGGRESSIVE;
				GCC_WARN_UNUSED_FUNCTION = YES;
				GCC_WARN_UNUSED_VARIABLE = YES;
				IPHONEOS_DEPLOYMENT_TARGET = 8.1;
				MTL_ENABLE_DEBUG_INFO = NO;
				SDKROOT = iphoneos;
				VALIDATE_PRODUCT = YES;
			};
			name = Release;
		};
		85132BC91A4EEC0A00DED1D2 /* Debug */ = {
			isa = XCBuildConfiguration;
			buildSettings = {
				ASSETCATALOG_COMPILER_APPICON_NAME = AppIcon;
				INFOPLIST_FILE = "Storyboards demo/Info.plist";
				LD_RUNPATH_SEARCH_PATHS = "$(inherited) @executable_path/Frameworks";
				PRODUCT_NAME = "$(TARGET_NAME)";
			};
			name = Debug;
		};
		85132BCA1A4EEC0A00DED1D2 /* Release */ = {
			isa = XCBuildConfiguration;
			buildSettings = {
				ASSETCATALOG_COMPILER_APPICON_NAME = AppIcon;
				INFOPLIST_FILE = "Storyboards demo/Info.plist";
				LD_RUNPATH_SEARCH_PATHS = "$(inherited) @executable_path/Frameworks";
				PRODUCT_NAME = "$(TARGET_NAME)";
			};
			name = Release;
		};
		85132BCC1A4EEC0A00DED1D2 /* Debug */ = {
			isa = XCBuildConfiguration;
			buildSettings = {
				BUNDLE_LOADER = "$(TEST_HOST)";
				FRAMEWORK_SEARCH_PATHS = (
					"$(SDKROOT)/Developer/Library/Frameworks",
					"$(inherited)",
				);
				GCC_PREPROCESSOR_DEFINITIONS = (
					"DEBUG=1",
					"$(inherited)",
				);
				INFOPLIST_FILE = "Storyboards demoTests/Info.plist";
				LD_RUNPATH_SEARCH_PATHS = "$(inherited) @executable_path/Frameworks @loader_path/Frameworks";
				PRODUCT_NAME = "$(TARGET_NAME)";
				TEST_HOST = "$(BUILT_PRODUCTS_DIR)/Storyboards demo.app/Storyboards demo";
			};
			name = Debug;
		};
		85132BCD1A4EEC0A00DED1D2 /* Release */ = {
			isa = XCBuildConfiguration;
			buildSettings = {
				BUNDLE_LOADER = "$(TEST_HOST)";
				FRAMEWORK_SEARCH_PATHS = (
					"$(SDKROOT)/Developer/Library/Frameworks",
					"$(inherited)",
				);
				INFOPLIST_FILE = "Storyboards demoTests/Info.plist";
				LD_RUNPATH_SEARCH_PATHS = "$(inherited) @executable_path/Frameworks @loader_path/Frameworks";
				PRODUCT_NAME = "$(TARGET_NAME)";
				TEST_HOST = "$(BUILT_PRODUCTS_DIR)/Storyboards demo.app/Storyboards demo";
			};
			name = Release;
		};
/* End XCBuildConfiguration section */

/* Begin XCConfigurationList section */
		85132BA41A4EEC0900DED1D2 /* Build configuration list for PBXProject "Storyboards demo" */ = {
			isa = XCConfigurationList;
			buildConfigurations = (
				85132BC61A4EEC0A00DED1D2 /* Debug */,
				85132BC71A4EEC0A00DED1D2 /* Release */,
			);
			defaultConfigurationIsVisible = 0;
			defaultConfigurationName = Release;
		};
		85132BC81A4EEC0A00DED1D2 /* Build configuration list for PBXNativeTarget "Storyboards demo" */ = {
			isa = XCConfigurationList;
			buildConfigurations = (
				85132BC91A4EEC0A00DED1D2 /* Debug */,
				85132BCA1A4EEC0A00DED1D2 /* Release */,
			);
			defaultConfigurationIsVisible = 0;
		};
		85132BCB1A4EEC0A00DED1D2 /* Build configuration list for PBXNativeTarget "Storyboards demoTests" */ = {
			isa = XCConfigurationList;
			buildConfigurations = (
				85132BCC1A4EEC0A00DED1D2 /* Debug */,
				85132BCD1A4EEC0A00DED1D2 /* Release */,
			);
			defaultConfigurationIsVisible = 0;
		};
/* End XCConfigurationList section */
	};
	rootObject = 85132BA11A4EEC0900DED1D2 /* Project object */;
}
